{
  "originHash" : "496f3416e7a6890f0b9d121230a5af555d4d084cff85bdd06464f0314976dc90",
  "pins" : [
    {
      "identity" : "razorpay-pod",
      "kind" : "remoteSourceControl",
      "location" : "https://github.com/razorpay/razorpay-pod.git",
      "state" : {
        "revision" : "951f726fc310485ca6516253fa55badae6646d80",
        "version" : "1.4.1"
      }
    }
  ],
  "version" : 3
}
