{
  "originHash" : "496f3416e7a6890f0b9d121230a5af555d4d084cff85bdd06464f0314976dc90",
  "pins" : [
    {
      "identity" : "razorpay-pod",
      "kind" : "remoteSourceControl",
      "location" : "https://github.com/razorpay/razorpay-pod.git",
      "state" : {
        "revision" : "1ff5da1b78aac3d350961f2382d14726f39388a0",
        "version" : "1.4.2"
      }
    }
  ],
  "version" : 3
}
